
Microsoft Visual Studio Solution File, Format Version 12.00
# Visual Studio Version 17
VisualStudioVersion = 17.5.002.0
MinimumVisualStudioVersion = 10.0.40219.1
Project("{9A19103F-16F7-4668-BE54-9A1E7A4F7556}") = "15machtask1", "15machtask1.csproj", "{A47DDE79-263F-411A-8567-456D7E5CD959}"
EndProject
Global
	GlobalSection(SolutionConfigurationPlatforms) = preSolution
		Debug|Any CPU = Debug|Any CPU
		Release|Any CPU = Release|Any CPU
	EndGlobalSection
	GlobalSection(ProjectConfigurationPlatforms) = postSolution
		{A47DDE79-263F-411A-8567-456D7E5CD959}.Debug|Any CPU.ActiveCfg = Debug|Any CPU
		{A47DDE79-263F-411A-8567-456D7E5CD959}.Debug|Any CPU.Build.0 = Debug|Any CPU
		{A47DDE79-263F-411A-8567-456D7E5CD959}.Release|Any CPU.ActiveCfg = Release|Any CPU
		{A47DDE79-263F-411A-8567-456D7E5CD959}.Release|Any CPU.Build.0 = Release|Any CPU
	EndGlobalSection
	GlobalSection(SolutionProperties) = preSolution
		HideSolutionNode = FALSE
	EndGlobalSection
	GlobalSection(ExtensibilityGlobals) = postSolution
		SolutionGuid = {F831E23B-A6A5-4CB4-829E-34C6A1891976}
	EndGlobalSection
EndGlobal
